// !$*UTF8*$!
{
	archiveVersion = 1;
	classes = {
	};
	objectVersion = 46;
	objects = {

/* Begin PBXBuildFile section */
		4001D13A19EB5D9500C5B688 /* Study Background@2x.png in Resources */ = {isa = PBXBuildFile; fileRef = 4001D13919EB5D9500C5B688 /* Study Background@2x.png */; };
		4001D13C19EB62B000C5B688 /* Study Background.png in Resources */ = {isa = PBXBuildFile; fileRef = 4001D13B19EB62B000C5B688 /* Study Background.png */; };
		4007A05B19474569003292BF /* HomePanel.m in Sources */ = {isa = PBXBuildFile; fileRef = 4007A05A19474569003292BF /* HomePanel.m */; };
		402047D51A0271C900C76B7B /* Deck.m in Sources */ = {isa = PBXBuildFile; fileRef = 402047D41A0271C900C76B7B /* Deck.m */; };
		402047D81A0271F100C76B7B /* Home.m in Sources */ = {isa = PBXBuildFile; fileRef = 402047D71A0271F100C76B7B /* Home.m */; };
		402E71B119FC69E6003E4C86 /* TempStudyDetails.m in Sources */ = {isa = PBXBuildFile; fileRef = 402E71B019FC69E6003E4C86 /* TempStudyDetails.m */; };
		402E71B419FC6AF7003E4C86 /* StudyDetails.m in Sources */ = {isa = PBXBuildFile; fileRef = 402E71B319FC6AF7003E4C86 /* StudyDetails.m */; };
		40BB524119446EC50088EC12 /* HomeViewController.m in Sources */ = {isa = PBXBuildFile; fileRef = 40BB523F19446EC50088EC12 /* HomeViewController.m */; };
		40BC9E3D1905537100D6A792 /* Foundation.framework in Frameworks */ = {isa = PBXBuildFile; fileRef = 40BC9E3C1905537100D6A792 /* Foundation.framework */; };
		40BC9E3F1905537100D6A792 /* CoreGraphics.framework in Frameworks */ = {isa = PBXBuildFile; fileRef = 40BC9E3E1905537100D6A792 /* CoreGraphics.framework */; };
		40BC9E411905537100D6A792 /* UIKit.framework in Frameworks */ = {isa = PBXBuildFile; fileRef = 40BC9E401905537100D6A792 /* UIKit.framework */; };
		40BC9E431905537100D6A792 /* CoreData.framework in Frameworks */ = {isa = PBXBuildFile; fileRef = 40BC9E421905537100D6A792 /* CoreData.framework */; };
		40BC9E491905537100D6A792 /* InfoPlist.strings in Resources */ = {isa = PBXBuildFile; fileRef = 40BC9E471905537100D6A792 /* InfoPlist.strings */; };
		40BC9E4B1905537100D6A792 /* main.m in Sources */ = {isa = PBXBuildFile; fileRef = 40BC9E4A1905537100D6A792 /* main.m */; };
		40BC9E4F1905537100D6A792 /* AppDelegate.m in Sources */ = {isa = PBXBuildFile; fileRef = 40BC9E4E1905537100D6A792 /* AppDelegate.m */; };
		40BC9E521905537100D6A792 /* Main_iPhone.storyboard in Resources */ = {isa = PBXBuildFile; fileRef = 40BC9E501905537100D6A792 /* Main_iPhone.storyboard */; };
		40BC9E551905537100D6A792 /* Main_iPad.storyboard in Resources */ = {isa = PBXBuildFile; fileRef = 40BC9E531905537100D6A792 /* Main_iPad.storyboard */; };
		40BC9E601905537100D6A792 /* Images.xcassets in Resources */ = {isa = PBXBuildFile; fileRef = 40BC9E5F1905537100D6A792 /* Images.xcassets */; };
		40BC9E671905537100D6A792 /* XCTest.framework in Frameworks */ = {isa = PBXBuildFile; fileRef = 40BC9E661905537100D6A792 /* XCTest.framework */; };
		40BC9E681905537100D6A792 /* Foundation.framework in Frameworks */ = {isa = PBXBuildFile; fileRef = 40BC9E3C1905537100D6A792 /* Foundation.framework */; };
		40BC9E691905537100D6A792 /* UIKit.framework in Frameworks */ = {isa = PBXBuildFile; fileRef = 40BC9E401905537100D6A792 /* UIKit.framework */; };
		40BC9E6A1905537100D6A792 /* CoreData.framework in Frameworks */ = {isa = PBXBuildFile; fileRef = 40BC9E421905537100D6A792 /* CoreData.framework */; };
		40BC9E721905537100D6A792 /* InfoPlist.strings in Resources */ = {isa = PBXBuildFile; fileRef = 40BC9E701905537100D6A792 /* InfoPlist.strings */; };
		40BC9E741905537100D6A792 /* DeckTests.m in Sources */ = {isa = PBXBuildFile; fileRef = 40BC9E731905537100D6A792 /* DeckTests.m */; };
		40BC9E85190554F400D6A792 /* KanjiListViewController.m in Sources */ = {isa = PBXBuildFile; fileRef = 40BC9E84190554F400D6A792 /* KanjiListViewController.m */; };
		40E9101A1A02633900ABD58F /* Character.m in Sources */ = {isa = PBXBuildFile; fileRef = 40E910191A02633900ABD58F /* Character.m */; };
		40E9BDF7192841A000EAFB2D /* KanjiParser.sqlite in Resources */ = {isa = PBXBuildFile; fileRef = 40E9BDF4192841A000EAFB2D /* KanjiParser.sqlite */; };
		762D45391945877F00CE422C /* Card.m in Sources */ = {isa = PBXBuildFile; fileRef = 762D45361945877F00CE422C /* Card.m */; };
		762D453E1945878900CE422C /* StudyViewController.m in Sources */ = {isa = PBXBuildFile; fileRef = 762D453C1945878800CE422C /* StudyViewController.m */; };
		762D453F1945878900CE422C /* StudyViewController.xib in Resources */ = {isa = PBXBuildFile; fileRef = 762D453D1945878800CE422C /* StudyViewController.xib */; };
		76310F081946CA35006A329C /* Bubble.m in Sources */ = {isa = PBXBuildFile; fileRef = 76310F071946CA35006A329C /* Bubble.m */; };
		76310F0F1946D7E7006A329C /* StudyButton.m in Sources */ = {isa = PBXBuildFile; fileRef = 76310F0E1946D7E7006A329C /* StudyButton.m */; };
		764668BE196676A30033BACF /* KanjiDB.xcdatamodeld in Sources */ = {isa = PBXBuildFile; fileRef = 764668BC196676A30033BACF /* KanjiDB.xcdatamodeld */; };
		76AA7EBE1966868E00AB3BE0 /* CardViewController.m in Sources */ = {isa = PBXBuildFile; fileRef = 76AA7EBD1966868E00AB3BE0 /* CardViewController.m */; };
/* End PBXBuildFile section */

/* Begin PBXContainerItemProxy section */
		40BC9E6B1905537100D6A792 /* PBXContainerItemProxy */ = {
			isa = PBXContainerItemProxy;
			containerPortal = 40BC9E311905537100D6A792 /* Project object */;
			proxyType = 1;
			remoteGlobalIDString = 40BC9E381905537100D6A792;
			remoteInfo = Deck;
		};
/* End PBXContainerItemProxy section */

/* Begin PBXFileReference section */
		4001D13919EB5D9500C5B688 /* Study Background@2x.png */ = {isa = PBXFileReference; lastKnownFileType = image.png; path = "Study Background@2x.png"; sourceTree = "<group>"; };
		4001D13B19EB62B000C5B688 /* Study Background.png */ = {isa = PBXFileReference; lastKnownFileType = image.png; path = "Study Background.png"; sourceTree = "<group>"; };
		4007A05919474569003292BF /* HomePanel.h */ = {isa = PBXFileReference; fileEncoding = 4; lastKnownFileType = sourcecode.c.h; path = HomePanel.h; sourceTree = "<group>"; };
		4007A05A19474569003292BF /* HomePanel.m */ = {isa = PBXFileReference; fileEncoding = 4; lastKnownFileType = sourcecode.c.objc; path = HomePanel.m; sourceTree = "<group>"; };
		402047D31A0271C900C76B7B /* Deck.h */ = {isa = PBXFileReference; fileEncoding = 4; lastKnownFileType = sourcecode.c.h; name = Deck.h; path = Deck/Deck.h; sourceTree = "<group>"; };
		402047D41A0271C900C76B7B /* Deck.m */ = {isa = PBXFileReference; fileEncoding = 4; lastKnownFileType = sourcecode.c.objc; name = Deck.m; path = Deck/Deck.m; sourceTree = "<group>"; };
		402047D61A0271F100C76B7B /* Home.h */ = {isa = PBXFileReference; fileEncoding = 4; lastKnownFileType = sourcecode.c.h; name = Home.h; path = Deck/Home.h; sourceTree = "<group>"; };
		402047D71A0271F100C76B7B /* Home.m */ = {isa = PBXFileReference; fileEncoding = 4; lastKnownFileType = sourcecode.c.objc; name = Home.m; path = Deck/Home.m; sourceTree = "<group>"; };
		402E71AF19FC69E6003E4C86 /* TempStudyDetails.h */ = {isa = PBXFileReference; fileEncoding = 4; lastKnownFileType = sourcecode.c.h; name = TempStudyDetails.h; path = Deck/TempStudyDetails.h; sourceTree = "<group>"; };
		402E71B019FC69E6003E4C86 /* TempStudyDetails.m */ = {isa = PBXFileReference; fileEncoding = 4; lastKnownFileType = sourcecode.c.objc; name = TempStudyDetails.m; path = Deck/TempStudyDetails.m; sourceTree = "<group>"; };
		402E71B219FC6AF7003E4C86 /* StudyDetails.h */ = {isa = PBXFileReference; fileEncoding = 4; lastKnownFileType = sourcecode.c.h; name = StudyDetails.h; path = Deck/StudyDetails.h; sourceTree = "<group>"; };
		402E71B319FC6AF7003E4C86 /* StudyDetails.m */ = {isa = PBXFileReference; fileEncoding = 4; lastKnownFileType = sourcecode.c.objc; name = StudyDetails.m; path = Deck/StudyDetails.m; sourceTree = "<group>"; };
		40BB523E19446EC50088EC12 /* HomeViewController.h */ = {isa = PBXFileReference; fileEncoding = 4; lastKnownFileType = sourcecode.c.h; name = HomeViewController.h; path = ../HomeViewController.h; sourceTree = "<group>"; };
		40BB523F19446EC50088EC12 /* HomeViewController.m */ = {isa = PBXFileReference; fileEncoding = 4; lastKnownFileType = sourcecode.c.objc; name = HomeViewController.m; path = ../HomeViewController.m; sourceTree = "<group>"; };
		40BC9E391905537100D6A792 /* Deck.app */ = {isa = PBXFileReference; explicitFileType = wrapper.application; includeInIndex = 0; path = Deck.app; sourceTree = BUILT_PRODUCTS_DIR; };
		40BC9E3C1905537100D6A792 /* Foundation.framework */ = {isa = PBXFileReference; lastKnownFileType = wrapper.framework; name = Foundation.framework; path = System/Library/Frameworks/Foundation.framework; sourceTree = SDKROOT; };
		40BC9E3E1905537100D6A792 /* CoreGraphics.framework */ = {isa = PBXFileReference; lastKnownFileType = wrapper.framework; name = CoreGraphics.framework; path = System/Library/Frameworks/CoreGraphics.framework; sourceTree = SDKROOT; };
		40BC9E401905537100D6A792 /* UIKit.framework */ = {isa = PBXFileReference; lastKnownFileType = wrapper.framework; name = UIKit.framework; path = System/Library/Frameworks/UIKit.framework; sourceTree = SDKROOT; };
		40BC9E421905537100D6A792 /* CoreData.framework */ = {isa = PBXFileReference; lastKnownFileType = wrapper.framework; name = CoreData.framework; path = System/Library/Frameworks/CoreData.framework; sourceTree = SDKROOT; };
		40BC9E461905537100D6A792 /* Deck-Info.plist */ = {isa = PBXFileReference; lastKnownFileType = text.plist.xml; path = "Deck-Info.plist"; sourceTree = "<group>"; };
		40BC9E481905537100D6A792 /* en */ = {isa = PBXFileReference; lastKnownFileType = text.plist.strings; name = en; path = en.lproj/InfoPlist.strings; sourceTree = "<group>"; };
		40BC9E4A1905537100D6A792 /* main.m */ = {isa = PBXFileReference; lastKnownFileType = sourcecode.c.objc; path = main.m; sourceTree = "<group>"; };
		40BC9E4C1905537100D6A792 /* Deck-Prefix.pch */ = {isa = PBXFileReference; lastKnownFileType = sourcecode.c.h; path = "Deck-Prefix.pch"; sourceTree = "<group>"; };
		40BC9E4D1905537100D6A792 /* AppDelegate.h */ = {isa = PBXFileReference; lastKnownFileType = sourcecode.c.h; path = AppDelegate.h; sourceTree = "<group>"; };
		40BC9E4E1905537100D6A792 /* AppDelegate.m */ = {isa = PBXFileReference; lastKnownFileType = sourcecode.c.objc; path = AppDelegate.m; sourceTree = "<group>"; };
		40BC9E511905537100D6A792 /* Base */ = {isa = PBXFileReference; lastKnownFileType = file.storyboard; name = Base; path = Base.lproj/Main_iPhone.storyboard; sourceTree = "<group>"; };
		40BC9E541905537100D6A792 /* Base */ = {isa = PBXFileReference; lastKnownFileType = file.storyboard; name = Base; path = Base.lproj/Main_iPad.storyboard; sourceTree = "<group>"; };
		40BC9E5F1905537100D6A792 /* Images.xcassets */ = {isa = PBXFileReference; lastKnownFileType = folder.assetcatalog; path = Images.xcassets; sourceTree = "<group>"; };
		40BC9E651905537100D6A792 /* DeckTests.xctest */ = {isa = PBXFileReference; explicitFileType = wrapper.cfbundle; includeInIndex = 0; path = DeckTests.xctest; sourceTree = BUILT_PRODUCTS_DIR; };
		40BC9E661905537100D6A792 /* XCTest.framework */ = {isa = PBXFileReference; lastKnownFileType = wrapper.framework; name = XCTest.framework; path = Library/Frameworks/XCTest.framework; sourceTree = DEVELOPER_DIR; };
		40BC9E6F1905537100D6A792 /* DeckTests-Info.plist */ = {isa = PBXFileReference; lastKnownFileType = text.plist.xml; path = "DeckTests-Info.plist"; sourceTree = "<group>"; };
		40BC9E711905537100D6A792 /* en */ = {isa = PBXFileReference; lastKnownFileType = text.plist.strings; name = en; path = en.lproj/InfoPlist.strings; sourceTree = "<group>"; };
		40BC9E731905537100D6A792 /* DeckTests.m */ = {isa = PBXFileReference; lastKnownFileType = sourcecode.c.objc; path = DeckTests.m; sourceTree = "<group>"; };
		40BC9E83190554F400D6A792 /* KanjiListViewController.h */ = {isa = PBXFileReference; fileEncoding = 4; lastKnownFileType = sourcecode.c.h; name = KanjiListViewController.h; path = ../KanjiListViewController.h; sourceTree = "<group>"; };
		40BC9E84190554F400D6A792 /* KanjiListViewController.m */ = {isa = PBXFileReference; fileEncoding = 4; lastKnownFileType = sourcecode.c.objc; name = KanjiListViewController.m; path = ../KanjiListViewController.m; sourceTree = "<group>"; };
		40E910181A02633900ABD58F /* Character.h */ = {isa = PBXFileReference; fileEncoding = 4; lastKnownFileType = sourcecode.c.h; name = Character.h; path = Deck/Character.h; sourceTree = "<group>"; };
		40E910191A02633900ABD58F /* Character.m */ = {isa = PBXFileReference; fileEncoding = 4; lastKnownFileType = sourcecode.c.objc; name = Character.m; path = Deck/Character.m; sourceTree = "<group>"; };
		40E9BDF4192841A000EAFB2D /* KanjiParser.sqlite */ = {isa = PBXFileReference; lastKnownFileType = file; name = KanjiParser.sqlite; path = Deck/KanjiParser.sqlite; sourceTree = "<group>"; };
		762D45351945877F00CE422C /* Card.h */ = {isa = PBXFileReference; fileEncoding = 4; lastKnownFileType = sourcecode.c.h; path = Card.h; sourceTree = "<group>"; };
		762D45361945877F00CE422C /* Card.m */ = {isa = PBXFileReference; fileEncoding = 4; lastKnownFileType = sourcecode.c.objc; path = Card.m; sourceTree = "<group>"; };
		762D453B1945878800CE422C /* StudyViewController.h */ = {isa = PBXFileReference; fileEncoding = 4; lastKnownFileType = sourcecode.c.h; path = StudyViewController.h; sourceTree = "<group>"; };
		762D453C1945878800CE422C /* StudyViewController.m */ = {isa = PBXFileReference; fileEncoding = 4; lastKnownFileType = sourcecode.c.objc; path = StudyViewController.m; sourceTree = "<group>"; };
		762D453D1945878800CE422C /* StudyViewController.xib */ = {isa = PBXFileReference; fileEncoding = 4; lastKnownFileType = file.xib; path = StudyViewController.xib; sourceTree = "<group>"; };
		76310F061946CA35006A329C /* Bubble.h */ = {isa = PBXFileReference; fileEncoding = 4; lastKnownFileType = sourcecode.c.h; path = Bubble.h; sourceTree = "<group>"; };
		76310F071946CA35006A329C /* Bubble.m */ = {isa = PBXFileReference; fileEncoding = 4; lastKnownFileType = sourcecode.c.objc; path = Bubble.m; sourceTree = "<group>"; };
		76310F0D1946D7E7006A329C /* StudyButton.h */ = {isa = PBXFileReference; fileEncoding = 4; lastKnownFileType = sourcecode.c.h; path = StudyButton.h; sourceTree = "<group>"; };
		76310F0E1946D7E7006A329C /* StudyButton.m */ = {isa = PBXFileReference; fileEncoding = 4; lastKnownFileType = sourcecode.c.objc; path = StudyButton.m; sourceTree = "<group>"; };
		764668BD196676A30033BACF /* KanjiDB.xcdatamodel */ = {isa = PBXFileReference; lastKnownFileType = wrapper.xcdatamodel; path = KanjiDB.xcdatamodel; sourceTree = "<group>"; };
		76AA7EBC1966868E00AB3BE0 /* CardViewController.h */ = {isa = PBXFileReference; fileEncoding = 4; lastKnownFileType = sourcecode.c.h; path = CardViewController.h; sourceTree = "<group>"; };
		76AA7EBD1966868E00AB3BE0 /* CardViewController.m */ = {isa = PBXFileReference; fileEncoding = 4; lastKnownFileType = sourcecode.c.objc; path = CardViewController.m; sourceTree = "<group>"; };
/* End PBXFileReference section */

/* Begin PBXFrameworksBuildPhase section */
		40BC9E361905537100D6A792 /* Frameworks */ = {
			isa = PBXFrameworksBuildPhase;
			buildActionMask = 2147483647;
			files = (
				40BC9E3F1905537100D6A792 /* CoreGraphics.framework in Frameworks */,
				40BC9E431905537100D6A792 /* CoreData.framework in Frameworks */,
				40BC9E411905537100D6A792 /* UIKit.framework in Frameworks */,
				40BC9E3D1905537100D6A792 /* Foundation.framework in Frameworks */,
			);
			runOnlyForDeploymentPostprocessing = 0;
		};
		40BC9E621905537100D6A792 /* Frameworks */ = {
			isa = PBXFrameworksBuildPhase;
			buildActionMask = 2147483647;
			files = (
				40BC9E671905537100D6A792 /* XCTest.framework in Frameworks */,
				40BC9E6A1905537100D6A792 /* CoreData.framework in Frameworks */,
				40BC9E691905537100D6A792 /* UIKit.framework in Frameworks */,
				40BC9E681905537100D6A792 /* Foundation.framework in Frameworks */,
			);
			runOnlyForDeploymentPostprocessing = 0;
		};
/* End PBXFrameworksBuildPhase section */

/* Begin PBXGroup section */
		40BC9E301905537100D6A792 = {
			isa = PBXGroup;
			children = (
				40BC9E441905537100D6A792 /* DeckApp */,
				40BC9E6D1905537100D6A792 /* DeckTests */,
				40BC9E3B1905537100D6A792 /* Frameworks */,
				40BC9E3A1905537100D6A792 /* Products */,
			);
			sourceTree = "<group>";
		};
		40BC9E3A1905537100D6A792 /* Products */ = {
			isa = PBXGroup;
			children = (
				40BC9E391905537100D6A792 /* Deck.app */,
				40BC9E651905537100D6A792 /* DeckTests.xctest */,
			);
			name = Products;
			sourceTree = "<group>";
		};
		40BC9E3B1905537100D6A792 /* Frameworks */ = {
			isa = PBXGroup;
			children = (
				40BC9E3C1905537100D6A792 /* Foundation.framework */,
				40BC9E3E1905537100D6A792 /* CoreGraphics.framework */,
				40BC9E401905537100D6A792 /* UIKit.framework */,
				40BC9E421905537100D6A792 /* CoreData.framework */,
				40BC9E661905537100D6A792 /* XCTest.framework */,
			);
			name = Frameworks;
			sourceTree = "<group>";
		};
		40BC9E441905537100D6A792 /* DeckApp */ = {
			isa = PBXGroup;
			children = (
				40BC9E4D1905537100D6A792 /* AppDelegate.h */,
				40BC9E4E1905537100D6A792 /* AppDelegate.m */,
				76310F0C1946D6AD006A329C /* Home UI */,
				76AA7EC41966888E00AB3BE0 /* Study UI */,
				40BC9E83190554F400D6A792 /* KanjiListViewController.h */,
				40BC9E84190554F400D6A792 /* KanjiListViewController.m */,
				40BC9E501905537100D6A792 /* Main_iPhone.storyboard */,
				40BC9E531905537100D6A792 /* Main_iPad.storyboard */,
				76AA7EC31966875E00AB3BE0 /* CoreData */,
				40BC9E5F1905537100D6A792 /* Images.xcassets */,
				40BC9E451905537100D6A792 /* Supporting Files */,
			);
			name = DeckApp;
			path = Deck;
			sourceTree = "<group>";
		};
		40BC9E451905537100D6A792 /* Supporting Files */ = {
			isa = PBXGroup;
			children = (
				40BC9E461905537100D6A792 /* Deck-Info.plist */,
				40BC9E471905537100D6A792 /* InfoPlist.strings */,
				40BC9E4A1905537100D6A792 /* main.m */,
				40BC9E4C1905537100D6A792 /* Deck-Prefix.pch */,
			);
			name = "Supporting Files";
			sourceTree = "<group>";
		};
		40BC9E6D1905537100D6A792 /* DeckTests */ = {
			isa = PBXGroup;
			children = (
				40BC9E731905537100D6A792 /* DeckTests.m */,
				40BC9E6E1905537100D6A792 /* Supporting Files */,
			);
			path = DeckTests;
			sourceTree = "<group>";
		};
		40BC9E6E1905537100D6A792 /* Supporting Files */ = {
			isa = PBXGroup;
			children = (
				40BC9E6F1905537100D6A792 /* DeckTests-Info.plist */,
				40BC9E701905537100D6A792 /* InfoPlist.strings */,
			);
			name = "Supporting Files";
			sourceTree = "<group>";
		};
		76310F0C1946D6AD006A329C /* Home UI */ = {
			isa = PBXGroup;
			children = (
				40BB523E19446EC50088EC12 /* HomeViewController.h */,
				40BB523F19446EC50088EC12 /* HomeViewController.m */,
				4007A05919474569003292BF /* HomePanel.h */,
				4007A05A19474569003292BF /* HomePanel.m */,
				76310F061946CA35006A329C /* Bubble.h */,
				76310F071946CA35006A329C /* Bubble.m */,
				76310F0D1946D7E7006A329C /* StudyButton.h */,
				76310F0E1946D7E7006A329C /* StudyButton.m */,
			);
			name = "Home UI";
			sourceTree = "<group>";
		};
		76AA7EBF196686A000AB3BE0 /* Card */ = {
			isa = PBXGroup;
			children = (
				76AA7EBC1966868E00AB3BE0 /* CardViewController.h */,
				76AA7EBD1966868E00AB3BE0 /* CardViewController.m */,
				762D45351945877F00CE422C /* Card.h */,
				762D45361945877F00CE422C /* Card.m */,
			);
			name = Card;
			path = ..;
			sourceTree = "<group>";
		};
		76AA7EC31966875E00AB3BE0 /* CoreData */ = {
			isa = PBXGroup;
			children = (
				764668BC196676A30033BACF /* KanjiDB.xcdatamodeld */,
				402047D61A0271F100C76B7B /* Home.h */,
				402047D71A0271F100C76B7B /* Home.m */,
				402047D31A0271C900C76B7B /* Deck.h */,
				402047D41A0271C900C76B7B /* Deck.m */,
				40E910181A02633900ABD58F /* Character.h */,
				40E910191A02633900ABD58F /* Character.m */,
				402E71B219FC6AF7003E4C86 /* StudyDetails.h */,
				402E71B319FC6AF7003E4C86 /* StudyDetails.m */,
				402E71AF19FC69E6003E4C86 /* TempStudyDetails.h */,
				402E71B019FC69E6003E4C86 /* TempStudyDetails.m */,
				40E9BDF4192841A000EAFB2D /* KanjiParser.sqlite */,
			);
			name = CoreData;
			path = ..;
			sourceTree = "<group>";
		};
		76AA7EC41966888E00AB3BE0 /* Study UI */ = {
			isa = PBXGroup;
			children = (
				762D453B1945878800CE422C /* StudyViewController.h */,
				762D453C1945878800CE422C /* StudyViewController.m */,
				762D453D1945878800CE422C /* StudyViewController.xib */,
				4001D13B19EB62B000C5B688 /* Study Background.png */,
				4001D13919EB5D9500C5B688 /* Study Background@2x.png */,
				76AA7EBF196686A000AB3BE0 /* Card */,
			);
			name = "Study UI";
			sourceTree = "<group>";
		};
/* End PBXGroup section */

/* Begin PBXNativeTarget section */
		40BC9E381905537100D6A792 /* Deck */ = {
			isa = PBXNativeTarget;
			buildConfigurationList = 40BC9E771905537100D6A792 /* Build configuration list for PBXNativeTarget "Deck" */;
			buildPhases = (
				40BC9E351905537100D6A792 /* Sources */,
				40BC9E361905537100D6A792 /* Frameworks */,
				40BC9E371905537100D6A792 /* Resources */,
			);
			buildRules = (
			);
			dependencies = (
			);
			name = Deck;
			productName = Deck;
			productReference = 40BC9E391905537100D6A792 /* Deck.app */;
			productType = "com.apple.product-type.application";
		};
		40BC9E641905537100D6A792 /* DeckTests */ = {
			isa = PBXNativeTarget;
			buildConfigurationList = 40BC9E7A1905537100D6A792 /* Build configuration list for PBXNativeTarget "DeckTests" */;
			buildPhases = (
				40BC9E611905537100D6A792 /* Sources */,
				40BC9E621905537100D6A792 /* Frameworks */,
				40BC9E631905537100D6A792 /* Resources */,
			);
			buildRules = (
			);
			dependencies = (
				40BC9E6C1905537100D6A792 /* PBXTargetDependency */,
			);
			name = DeckTests;
			productName = DeckTests;
			productReference = 40BC9E651905537100D6A792 /* DeckTests.xctest */;
			productType = "com.apple.product-type.bundle.unit-test";
		};
/* End PBXNativeTarget section */

/* Begin PBXProject section */
		40BC9E311905537100D6A792 /* Project object */ = {
			isa = PBXProject;
			attributes = {
				LastUpgradeCheck = 0510;
				ORGANIZATIONNAME = "Ewan Leaver";
				TargetAttributes = {
					40BC9E381905537100D6A792 = {
						DevelopmentTeam = 2V85H35D54;
					};
					40BC9E641905537100D6A792 = {
						TestTargetID = 40BC9E381905537100D6A792;
					};
				};
			};
			buildConfigurationList = 40BC9E341905537100D6A792 /* Build configuration list for PBXProject "deck" */;
			compatibilityVersion = "Xcode 3.2";
			developmentRegion = English;
			hasScannedForEncodings = 0;
			knownRegions = (
				en,
				Base,
			);
			mainGroup = 40BC9E301905537100D6A792;
			productRefGroup = 40BC9E3A1905537100D6A792 /* Products */;
			projectDirPath = "";
			projectRoot = "";
			targets = (
				40BC9E381905537100D6A792 /* Deck */,
				40BC9E641905537100D6A792 /* DeckTests */,
			);
		};
/* End PBXProject section */

/* Begin PBXResourcesBuildPhase section */
		40BC9E371905537100D6A792 /* Resources */ = {
			isa = PBXResourcesBuildPhase;
			buildActionMask = 2147483647;
			files = (
				4001D13C19EB62B000C5B688 /* Study Background.png in Resources */,
				40BC9E551905537100D6A792 /* Main_iPad.storyboard in Resources */,
				4001D13A19EB5D9500C5B688 /* Study Background@2x.png in Resources */,
				762D453F1945878900CE422C /* StudyViewController.xib in Resources */,
				40BC9E601905537100D6A792 /* Images.xcassets in Resources */,
				40BC9E521905537100D6A792 /* Main_iPhone.storyboard in Resources */,
				40BC9E491905537100D6A792 /* InfoPlist.strings in Resources */,
				40E9BDF7192841A000EAFB2D /* KanjiParser.sqlite in Resources */,
			);
			runOnlyForDeploymentPostprocessing = 0;
		};
		40BC9E631905537100D6A792 /* Resources */ = {
			isa = PBXResourcesBuildPhase;
			buildActionMask = 2147483647;
			files = (
				40BC9E721905537100D6A792 /* InfoPlist.strings in Resources */,
			);
			runOnlyForDeploymentPostprocessing = 0;
		};
/* End PBXResourcesBuildPhase section */

/* Begin PBXSourcesBuildPhase section */
		40BC9E351905537100D6A792 /* Sources */ = {
			isa = PBXSourcesBuildPhase;
			buildActionMask = 2147483647;
			files = (
				40BC9E85190554F400D6A792 /* KanjiListViewController.m in Sources */,
				40BC9E4F1905537100D6A792 /* AppDelegate.m in Sources */,
				76310F081946CA35006A329C /* Bubble.m in Sources */,
				76AA7EBE1966868E00AB3BE0 /* CardViewController.m in Sources */,
				402E71B119FC69E6003E4C86 /* TempStudyDetails.m in Sources */,
				764668BE196676A30033BACF /* KanjiDB.xcdatamodeld in Sources */,
				76310F0F1946D7E7006A329C /* StudyButton.m in Sources */,
				762D453E1945878900CE422C /* StudyViewController.m in Sources */,
				762D45391945877F00CE422C /* Card.m in Sources */,
				40BB524119446EC50088EC12 /* HomeViewController.m in Sources */,
				402047D81A0271F100C76B7B /* Home.m in Sources */,
				402047D51A0271C900C76B7B /* Deck.m in Sources */,
				40E9101A1A02633900ABD58F /* Character.m in Sources */,
				40BC9E4B1905537100D6A792 /* main.m in Sources */,
				4007A05B19474569003292BF /* HomePanel.m in Sources */,
				402E71B419FC6AF7003E4C86 /* StudyDetails.m in Sources */,
			);
			runOnlyForDeploymentPostprocessing = 0;
		};
		40BC9E611905537100D6A792 /* Sources */ = {
			isa = PBXSourcesBuildPhase;
			buildActionMask = 2147483647;
			files = (
				40BC9E741905537100D6A792 /* DeckTests.m in Sources */,
			);
			runOnlyForDeploymentPostprocessing = 0;
		};
/* End PBXSourcesBuildPhase section */

/* Begin PBXTargetDependency section */
		40BC9E6C1905537100D6A792 /* PBXTargetDependency */ = {
			isa = PBXTargetDependency;
			target = 40BC9E381905537100D6A792 /* Deck */;
			targetProxy = 40BC9E6B1905537100D6A792 /* PBXContainerItemProxy */;
		};
/* End PBXTargetDependency section */

/* Begin PBXVariantGroup section */
		40BC9E471905537100D6A792 /* InfoPlist.strings */ = {
			isa = PBXVariantGroup;
			children = (
				40BC9E481905537100D6A792 /* en */,
			);
			name = InfoPlist.strings;
			sourceTree = "<group>";
		};
		40BC9E501905537100D6A792 /* Main_iPhone.storyboard */ = {
			isa = PBXVariantGroup;
			children = (
				40BC9E511905537100D6A792 /* Base */,
			);
			name = Main_iPhone.storyboard;
			sourceTree = "<group>";
		};
		40BC9E531905537100D6A792 /* Main_iPad.storyboard */ = {
			isa = PBXVariantGroup;
			children = (
				40BC9E541905537100D6A792 /* Base */,
			);
			name = Main_iPad.storyboard;
			sourceTree = "<group>";
		};
		40BC9E701905537100D6A792 /* InfoPlist.strings */ = {
			isa = PBXVariantGroup;
			children = (
				40BC9E711905537100D6A792 /* en */,
			);
			name = InfoPlist.strings;
			sourceTree = "<group>";
		};
/* End PBXVariantGroup section */

/* Begin XCBuildConfiguration section */
		40BC9E751905537100D6A792 /* Debug */ = {
			isa = XCBuildConfiguration;
			buildSettings = {
				ALWAYS_SEARCH_USER_PATHS = NO;
				CLANG_CXX_LANGUAGE_STANDARD = "gnu++0x";
				CLANG_CXX_LIBRARY = "libc++";
				CLANG_ENABLE_MODULES = YES;
				CLANG_ENABLE_OBJC_ARC = YES;
				CLANG_WARN_BOOL_CONVERSION = YES;
				CLANG_WARN_CONSTANT_CONVERSION = YES;
				CLANG_WARN_DIRECT_OBJC_ISA_USAGE = YES_ERROR;
				CLANG_WARN_EMPTY_BODY = YES;
				CLANG_WARN_ENUM_CONVERSION = YES;
				CLANG_WARN_INT_CONVERSION = YES;
				CLANG_WARN_OBJC_ROOT_CLASS = YES_ERROR;
				CLANG_WARN__DUPLICATE_METHOD_MATCH = YES;
				"CODE_SIGN_IDENTITY[sdk=iphoneos*]" = "iPhone Developer";
				COPY_PHASE_STRIP = NO;
				GCC_C_LANGUAGE_STANDARD = gnu99;
				GCC_DYNAMIC_NO_PIC = NO;
				GCC_OPTIMIZATION_LEVEL = 0;
				GCC_PREPROCESSOR_DEFINITIONS = (
					"DEBUG=1",
					"$(inherited)",
				);
				GCC_SYMBOLS_PRIVATE_EXTERN = NO;
				GCC_WARN_64_TO_32_BIT_CONVERSION = YES;
				GCC_WARN_ABOUT_RETURN_TYPE = YES_ERROR;
				GCC_WARN_UNDECLARED_SELECTOR = YES;
				GCC_WARN_UNINITIALIZED_AUTOS = YES_AGGRESSIVE;
				GCC_WARN_UNUSED_FUNCTION = YES;
				GCC_WARN_UNUSED_VARIABLE = YES;
				IPHONEOS_DEPLOYMENT_TARGET = 7.1;
				ONLY_ACTIVE_ARCH = YES;
				SDKROOT = iphoneos;
				TARGETED_DEVICE_FAMILY = "1,2";
			};
			name = Debug;
		};
		40BC9E761905537100D6A792 /* Release */ = {
			isa = XCBuildConfiguration;
			buildSettings = {
				ALWAYS_SEARCH_USER_PATHS = NO;
				CLANG_CXX_LANGUAGE_STANDARD = "gnu++0x";
				CLANG_CXX_LIBRARY = "libc++";
				CLANG_ENABLE_MODULES = YES;
				CLANG_ENABLE_OBJC_ARC = YES;
				CLANG_WARN_BOOL_CONVERSION = YES;
				CLANG_WARN_CONSTANT_CONVERSION = YES;
				CLANG_WARN_DIRECT_OBJC_ISA_USAGE = YES_ERROR;
				CLANG_WARN_EMPTY_BODY = YES;
				CLANG_WARN_ENUM_CONVERSION = YES;
				CLANG_WARN_INT_CONVERSION = YES;
				CLANG_WARN_OBJC_ROOT_CLASS = YES_ERROR;
				CLANG_WARN__DUPLICATE_METHOD_MATCH = YES;
				"CODE_SIGN_IDENTITY[sdk=iphoneos*]" = "iPhone Developer";
				COPY_PHASE_STRIP = YES;
				ENABLE_NS_ASSERTIONS = NO;
				GCC_C_LANGUAGE_STANDARD = gnu99;
				GCC_WARN_64_TO_32_BIT_CONVERSION = YES;
				GCC_WARN_ABOUT_RETURN_TYPE = YES_ERROR;
				GCC_WARN_UNDECLARED_SELECTOR = YES;
				GCC_WARN_UNINITIALIZED_AUTOS = YES_AGGRESSIVE;
				GCC_WARN_UNUSED_FUNCTION = YES;
				GCC_WARN_UNUSED_VARIABLE = YES;
				IPHONEOS_DEPLOYMENT_TARGET = 7.1;
				SDKROOT = iphoneos;
				TARGETED_DEVICE_FAMILY = "1,2";
				VALIDATE_PRODUCT = YES;
			};
			name = Release;
		};
		40BC9E781905537100D6A792 /* Debug */ = {
			isa = XCBuildConfiguration;
			buildSettings = {
				ASSETCATALOG_COMPILER_APPICON_NAME = AppIcon;
				ASSETCATALOG_COMPILER_LAUNCHIMAGE_NAME = LaunchImage;
				CODE_SIGN_IDENTITY = "iPhone Developer";
				"CODE_SIGN_IDENTITY[sdk=iphoneos*]" = "iPhone Developer";
				GCC_PRECOMPILE_PREFIX_HEADER = YES;
				GCC_PREFIX_HEADER = "Deck/Deck-Prefix.pch";
				INFOPLIST_FILE = "Deck/Deck-Info.plist";
				PRODUCT_NAME = "$(TARGET_NAME)";
				PROVISIONING_PROFILE = "";
				TARGETED_DEVICE_FAMILY = 1;
				WRAPPER_EXTENSION = app;
			};
			name = Debug;
		};
		40BC9E791905537100D6A792 /* Release */ = {
			isa = XCBuildConfiguration;
			buildSettings = {
				ASSETCATALOG_COMPILER_APPICON_NAME = AppIcon;
				ASSETCATALOG_COMPILER_LAUNCHIMAGE_NAME = LaunchImage;
				CODE_SIGN_IDENTITY = "iPhone Developer";
				"CODE_SIGN_IDENTITY[sdk=iphoneos*]" = "iPhone Developer";
				GCC_PRECOMPILE_PREFIX_HEADER = YES;
				GCC_PREFIX_HEADER = "Deck/Deck-Prefix.pch";
				INFOPLIST_FILE = "Deck/Deck-Info.plist";
				PRODUCT_NAME = "$(TARGET_NAME)";
				PROVISIONING_PROFILE = "";
				TARGETED_DEVICE_FAMILY = 1;
				WRAPPER_EXTENSION = app;
			};
			name = Release;
		};
		40BC9E7B1905537100D6A792 /* Debug */ = {
			isa = XCBuildConfiguration;
			buildSettings = {
				BUNDLE_LOADER = "$(BUILT_PRODUCTS_DIR)/Deck.app/Deck";
				FRAMEWORK_SEARCH_PATHS = (
					"$(SDKROOT)/Developer/Library/Frameworks",
					"$(inherited)",
					"$(DEVELOPER_FRAMEWORKS_DIR)",
				);
				GCC_PRECOMPILE_PREFIX_HEADER = YES;
				GCC_PREFIX_HEADER = "Deck/Deck-Prefix.pch";
				GCC_PREPROCESSOR_DEFINITIONS = (
					"DEBUG=1",
					"$(inherited)",
				);
				INFOPLIST_FILE = "DeckTests/DeckTests-Info.plist";
				PRODUCT_NAME = "$(TARGET_NAME)";
				TEST_HOST = "$(BUNDLE_LOADER)";
				WRAPPER_EXTENSION = xctest;
			};
			name = Debug;
		};
		40BC9E7C1905537100D6A792 /* Release */ = {
			isa = XCBuildConfiguration;
			buildSettings = {
				BUNDLE_LOADER = "$(BUILT_PRODUCTS_DIR)/Deck.app/Deck";
				FRAMEWORK_SEARCH_PATHS = (
					"$(SDKROOT)/Developer/Library/Frameworks",
					"$(inherited)",
					"$(DEVELOPER_FRAMEWORKS_DIR)",
				);
				GCC_PRECOMPILE_PREFIX_HEADER = YES;
				GCC_PREFIX_HEADER = "Deck/Deck-Prefix.pch";
				INFOPLIST_FILE = "DeckTests/DeckTests-Info.plist";
				PRODUCT_NAME = "$(TARGET_NAME)";
				TEST_HOST = "$(BUNDLE_LOADER)";
				WRAPPER_EXTENSION = xctest;
			};
			name = Release;
		};
/* End XCBuildConfiguration section */

/* Begin XCConfigurationList section */
		40BC9E341905537100D6A792 /* Build configuration list for PBXProject "deck" */ = {
			isa = XCConfigurationList;
			buildConfigurations = (
				40BC9E751905537100D6A792 /* Debug */,
				40BC9E761905537100D6A792 /* Release */,
			);
			defaultConfigurationIsVisible = 0;
			defaultConfigurationName = Release;
		};
		40BC9E771905537100D6A792 /* Build configuration list for PBXNativeTarget "Deck" */ = {
			isa = XCConfigurationList;
			buildConfigurations = (
				40BC9E781905537100D6A792 /* Debug */,
				40BC9E791905537100D6A792 /* Release */,
			);
			defaultConfigurationIsVisible = 0;
			defaultConfigurationName = Release;
		};
		40BC9E7A1905537100D6A792 /* Build configuration list for PBXNativeTarget "DeckTests" */ = {
			isa = XCConfigurationList;
			buildConfigurations = (
				40BC9E7B1905537100D6A792 /* Debug */,
				40BC9E7C1905537100D6A792 /* Release */,
			);
			defaultConfigurationIsVisible = 0;
			defaultConfigurationName = Release;
		};
/* End XCConfigurationList section */

/* Begin XCVersionGroup section */
		764668BC196676A30033BACF /* KanjiDB.xcdatamodeld */ = {
			isa = XCVersionGroup;
			children = (
				764668BD196676A30033BACF /* KanjiDB.xcdatamodel */,
			);
			currentVersion = 764668BD196676A30033BACF /* KanjiDB.xcdatamodel */;
			name = KanjiDB.xcdatamodeld;
			path = Deck/KanjiDB.xcdatamodeld;
			sourceTree = "<group>";
			versionGroupType = wrapper.xcdatamodel;
		};
/* End XCVersionGroup section */
	};
	rootObject = 40BC9E311905537100D6A792 /* Project object */;
}
